
Microsoft Visual Studio Solution File, Format Version 12.00
# Visual Studio 15
VisualStudioVersion = 15.0.27703.2018
MinimumVisualStudioVersion = 10.0.40219.1
Project("{FAE04EC0-301F-11D3-BF4B-00C04F79EFBC}") = "onlinedb", "ConsoleApp1\onlinedb.csproj", "{21D50689-95A4-4606-B2EF-F17F27AAE4F6}"
EndProject
Project("{FAE04EC0-301F-11D3-BF4B-00C04F79EFBC}") = "JSflowchartlibrary", "JSflowchartlibrary\JSflowchartlibrary.csproj", "{BE6F0A15-6853-4409-80E7-42AB45B6CCA2}"
EndProject
Project("{FAE04EC0-301F-11D3-BF4B-00C04F79EFBC}") = "dbdesign", "dbdesign\dbdesign.csproj", "{7AEF1E20-4D29-4E37-9C2F-73688B88802C}"
EndProject
Project("{FAE04EC0-301F-11D3-BF4B-00C04F79EFBC}") = "wwwsqldesigner", "wwwsqldesigner\wwwsqldesigner.csproj", "{C566BC42-466B-4EE0-8679-115C4AC62DBE}"
EndProject
Project("{FAE04EC0-301F-11D3-BF4B-00C04F79EFBC}") = "VisualAlchemist", "VisualAlchemist\VisualAlchemist.csproj", "{E181FC2F-A33C-4354-A6DB-65D9FD437B4A}"
EndProject
Global
	GlobalSection(SolutionConfigurationPlatforms) = preSolution
		Debug|Any CPU = Debug|Any CPU
		Release|Any CPU = Release|Any CPU
	EndGlobalSection
	GlobalSection(ProjectConfigurationPlatforms) = postSolution
		{21D50689-95A4-4606-B2EF-F17F27AAE4F6}.Debug|Any CPU.ActiveCfg = Debug|Any CPU
		{21D50689-95A4-4606-B2EF-F17F27AAE4F6}.Debug|Any CPU.Build.0 = Debug|Any CPU
		{21D50689-95A4-4606-B2EF-F17F27AAE4F6}.Release|Any CPU.ActiveCfg = Release|Any CPU
		{21D50689-95A4-4606-B2EF-F17F27AAE4F6}.Release|Any CPU.Build.0 = Release|Any CPU
		{BE6F0A15-6853-4409-80E7-42AB45B6CCA2}.Debug|Any CPU.ActiveCfg = Debug|Any CPU
		{BE6F0A15-6853-4409-80E7-42AB45B6CCA2}.Debug|Any CPU.Build.0 = Debug|Any CPU
		{BE6F0A15-6853-4409-80E7-42AB45B6CCA2}.Release|Any CPU.ActiveCfg = Release|Any CPU
		{BE6F0A15-6853-4409-80E7-42AB45B6CCA2}.Release|Any CPU.Build.0 = Release|Any CPU
		{7AEF1E20-4D29-4E37-9C2F-73688B88802C}.Debug|Any CPU.ActiveCfg = Debug|Any CPU
		{7AEF1E20-4D29-4E37-9C2F-73688B88802C}.Debug|Any CPU.Build.0 = Debug|Any CPU
		{7AEF1E20-4D29-4E37-9C2F-73688B88802C}.Release|Any CPU.ActiveCfg = Release|Any CPU
		{7AEF1E20-4D29-4E37-9C2F-73688B88802C}.Release|Any CPU.Build.0 = Release|Any CPU
		{C566BC42-466B-4EE0-8679-115C4AC62DBE}.Debug|Any CPU.ActiveCfg = Debug|Any CPU
		{C566BC42-466B-4EE0-8679-115C4AC62DBE}.Debug|Any CPU.Build.0 = Debug|Any CPU
		{C566BC42-466B-4EE0-8679-115C4AC62DBE}.Release|Any CPU.ActiveCfg = Release|Any CPU
		{C566BC42-466B-4EE0-8679-115C4AC62DBE}.Release|Any CPU.Build.0 = Release|Any CPU
		{E181FC2F-A33C-4354-A6DB-65D9FD437B4A}.Debug|Any CPU.ActiveCfg = Debug|Any CPU
		{E181FC2F-A33C-4354-A6DB-65D9FD437B4A}.Debug|Any CPU.Build.0 = Debug|Any CPU
		{E181FC2F-A33C-4354-A6DB-65D9FD437B4A}.Release|Any CPU.ActiveCfg = Release|Any CPU
		{E181FC2F-A33C-4354-A6DB-65D9FD437B4A}.Release|Any CPU.Build.0 = Release|Any CPU
	EndGlobalSection
	GlobalSection(SolutionProperties) = preSolution
		HideSolutionNode = FALSE
	EndGlobalSection
	GlobalSection(ExtensibilityGlobals) = postSolution
		SolutionGuid = {2E406C40-990F-4E97-8C6E-7512A4792ECF}
	EndGlobalSection
EndGlobal
